{
  "name": "new-bvb-system",
  "lockfileVersion": 3,
  "requires": true,
  "packages": {
    "": {
      "dependencies": {
        "@fortune-sheet/react": "^1.0.4"
      }
    },
    "node_modules/@formulajs/formulajs": {
      "version": "2.9.3",
      "resolved": "https://registry.npmjs.org/@formulajs/formulajs/-/formulajs-2.9.3.tgz",
      "integrity": "sha512-WpgiuJaBl/Hcda9Ti8a7mlnw/vUZkJrtjABvojz6P6mo6d8EscudyA7iAt/kTLsgi0c8zfmzQd/Yjb4ASFkw+g==",
      "license": "MIT",
      "dependencies": {
        "bessel": "^1.0.2",
        "jstat": "^1.9.2"
      },
      "bin": {
        "implementation-stats": "bin/implementation-stats"
      }
    },
    "node_modules/@fortune-sheet/core": {
      "version": "1.0.4",
      "resolved": "https://registry.npmjs.org/@fortune-sheet/core/-/core-1.0.4.tgz",
      "integrity": "sha512-CDnUVebfvtT++CymNRw0qnY4sz6zYO3KZazlH+nG6otkRkZ05Bvt7NXqVhmKKSSxIvJR4R6h50abu/dVGBpjpw==",
      "license": "MIT",
      "dependencies": {
        "@fortune-sheet/formula-parser": "^0.2.13",
        "dayjs": "^1.11.0",
        "immer": "^9.0.12",
        "lodash": "^4.17.21",
        "numeral": "^2.0.6",
        "uuid": "^8.3.2"
      }
    },
    "node_modules/@fortune-sheet/formula-parser": {
      "version": "0.2.13",
      "resolved": "https://registry.npmjs.org/@fortune-sheet/formula-parser/-/formula-parser-0.2.13.tgz",
      "integrity": "sha512-za2ZVQ5ZfMSPCtL8MdqhCthPip7AoeU4MPyd5UDo4RCl9/arrv1Jz0y755mACVVi4suSZxrzWoJGDkLmofoSmw==",
      "license": "MIT",
      "dependencies": {
        "@formulajs/formulajs": "^2.9.3",
        "tiny-emitter": "^2.1.0"
      }
    },
    "node_modules/@fortune-sheet/react": {
      "version": "1.0.4",
      "resolved": "https://registry.npmjs.org/@fortune-sheet/react/-/react-1.0.4.tgz",
      "integrity": "sha512-v+BU5mmp2hhUe4gRF+vOJ3j8zZkzHU0kzhTZzp+Nn00wA/RArMr+CO+SAluKlCPAsTZgPwmgOEK685WPqJ5XNw==",
      "license": "MIT",
      "dependencies": {
        "@fortune-sheet/core": "^1.0.4",
        "@types/regenerator-runtime": "^0.13.6",
        "immer": "^9.0.12",
        "lodash": "^4.17.21",
        "regenerator-runtime": "^0.14.1"
      },
      "peerDependencies": {
        "react": ">= 18.2",
        "react-dom": ">= 18.2"
      }
    },
    "node_modules/@types/regenerator-runtime": {
      "version": "0.13.8",
      "resolved": "https://registry.npmjs.org/@types/regenerator-runtime/-/regenerator-runtime-0.13.8.tgz",
      "integrity": "sha512-jjKoBekfYDH331060tZhosdJVDnXIXx+T8Iw2h2T4HEds6Ddb2lr0JxD15+XPKlXwRHRNgZoY+4Fb2ykoqzHBg==",
      "license": "MIT"
    },
    "node_modules/bessel": {
      "version": "1.0.2",
      "resolved": "https://registry.npmjs.org/bessel/-/bessel-1.0.2.tgz",
      "integrity": "sha512-Al3nHGQGqDYqqinXhQzmwmcRToe/3WyBv4N8aZc5Pef8xw2neZlR9VPi84Sa23JtgWcucu18HxVZrnI0fn2etw==",
      "license": "Apache-2.0",
      "engines": {
        "node": ">=0.8"
      }
    },
    "node_modules/dayjs": {
      "version": "1.11.20",
      "resolved": "https://registry.npmjs.org/dayjs/-/dayjs-1.11.20.tgz",
      "integrity": "sha512-YbwwqR/uYpeoP4pu043q+LTDLFBLApUP6VxRihdfNTqu4ubqMlGDLd6ErXhEgsyvY0K6nCs7nggYumAN+9uEuQ==",
      "license": "MIT"
    },
    "node_modules/immer": {
      "version": "9.0.21",
      "resolved": "https://registry.npmjs.org/immer/-/immer-9.0.21.tgz",
      "integrity": "sha512-bc4NBHqOqSfRW7POMkHd51LvClaeMXpm8dx0e8oE2GORbq5aRK7Bxl4FyzVLdGtLmvLKL7BTDBG5ACQm4HWjTA==",
      "license": "MIT",
      "funding": {
        "type": "opencollective",
        "url": "https://opencollective.com/immer"
      }
    },
    "node_modules/jstat": {
      "version": "1.9.6",
      "resolved": "https://registry.npmjs.org/jstat/-/jstat-1.9.6.tgz",
      "integrity": "sha512-rPBkJbK2TnA8pzs93QcDDPlKcrtZWuuCo2dVR0TFLOJSxhqfWOVCSp8aV3/oSbn+4uY4yw1URtLpHQedtmXfug=="
    },
    "node_modules/lodash": {
      "version": "4.18.1",
      "resolved": "https://registry.npmjs.org/lodash/-/lodash-4.18.1.tgz",
      "integrity": "sha512-dMInicTPVE8d1e5otfwmmjlxkZoUpiVLwyeTdUsi/Caj/gfzzblBcCE5sRHV/AsjuCmxWrte2TNGSYuCeCq+0Q==",
      "license": "MIT"
    },
    "node_modules/numeral": {
      "version": "2.0.6",
      "resolved": "https://registry.npmjs.org/numeral/-/numeral-2.0.6.tgz",
      "integrity": "sha512-qaKRmtYPZ5qdw4jWJD6bxEf1FJEqllJrwxCLIm0sQU/A7v2/czigzOb+C2uSiFsa9lBUzeH7M1oK+Q+OLxL3kA==",
      "license": "MIT",
      "engines": {
        "node": "*"
      }
    },
    "node_modules/react": {
      "version": "19.2.5",
      "resolved": "https://registry.npmjs.org/react/-/react-19.2.5.tgz",
      "integrity": "sha512-llUJLzz1zTUBrskt2pwZgLq59AemifIftw4aB7JxOqf1HY2FDaGDxgwpAPVzHU1kdWabH7FauP4i1oEeer2WCA==",
      "license": "MIT",
      "peer": true,
      "engines": {
        "node": ">=0.10.0"
      }
    },
    "node_modules/react-dom": {
      "version": "19.2.5",
      "resolved": "https://registry.npmjs.org/react-dom/-/react-dom-19.2.5.tgz",
      "integrity": "sha512-J5bAZz+DXMMwW/wV3xzKke59Af6CHY7G4uYLN1OvBcKEsWOs4pQExj86BBKamxl/Ik5bx9whOrvBlSDfWzgSag==",
      "license": "MIT",
      "peer": true,
      "dependencies": {
        "scheduler": "^0.27.0"
      },
      "peerDependencies": {
        "react": "^19.2.5"
      }
    },
    "node_modules/regenerator-runtime": {
      "version": "0.14.1",
      "resolved": "https://registry.npmjs.org/regenerator-runtime/-/regenerator-runtime-0.14.1.tgz",
      "integrity": "sha512-dYnhHh0nJoMfnkZs6GmmhFknAGRrLznOu5nc9ML+EJxGvrx6H7teuevqVqCuPcPK//3eDrrjQhehXVx9cnkGdw==",
      "license": "MIT"
    },
    "node_modules/scheduler": {
      "version": "0.27.0",
      "resolved": "https://registry.npmjs.org/scheduler/-/scheduler-0.27.0.tgz",
      "integrity": "sha512-eNv+WrVbKu1f3vbYJT/xtiF5syA5HPIMtf9IgY/nKg0sWqzAUEvqY/xm7OcZc/qafLx/iO9FgOmeSAp4v5ti/Q==",
      "license": "MIT"
    },
    "node_modules/tiny-emitter": {
      "version": "2.1.0",
      "resolved": "https://registry.npmjs.org/tiny-emitter/-/tiny-emitter-2.1.0.tgz",
      "integrity": "sha512-NB6Dk1A9xgQPMoGqC5CVXn123gWyte215ONT5Pp5a0yt4nlEoO1ZWeCwpncaekPHXO60i47ihFnZPiRPjRMq4Q==",
      "license": "MIT"
    },
    "node_modules/uuid": {
      "version": "8.3.2",
      "resolved": "https://registry.npmjs.org/uuid/-/uuid-8.3.2.tgz",
      "integrity": "sha512-+NYs2QeMWy+GWFOEm9xnn6HCDp0l7QBD7ml8zLUmJ+93Q5NF0NocErnwkTkXVFNiX3/fpC6afS8Dhb/gz7R7eg==",
      "deprecated": "uuid@10 and below is no longer supported.  For ESM codebases, update to uuid@latest.  For CommonJS codebases, use uuid@11 (but be aware this version will likely be deprecated in 2028).",
      "license": "MIT",
      "bin": {
        "uuid": "dist/bin/uuid"
      }
    }
  }
}
